
Microsoft Visual Studio Solution File, Format Version 12.00
# Visual Studio Version 17
VisualStudioVersion = 17.1.32421.90
MinimumVisualStudioVersion = 10.0.40219.1
Project("{9A19103F-16F7-4668-BE54-9A1E7A4F7556}") = "OMDb.Core", "OMDb.Core\OMDb.Core.csproj", "{B5CB7DBE-B7DA-43F5-BD70-DFE6028DDEBE}"
EndProject
Project("{9A19103F-16F7-4668-BE54-9A1E7A4F7556}") = "OMDb.IMDb", "OMDb.IMDb\OMDb.IMDb.csproj", "{DB17F2E8-114A-49A4-996C-6803EC926EBB}"
EndProject
Project("{9A19103F-16F7-4668-BE54-9A1E7A4F7556}") = "OMDb.Douban", "OMDb.Douban\OMDb.Douban.csproj", "{07EF176F-78FE-4428-B338-D961BD4E7FFB}"
EndProject
Project("{C7167F0D-BC9F-4E6E-AFE1-012C56B48DB5}") = "OMDb.WinUI3 (Package)", "OMDb.WinUI3\OMDb.WinUI3 (Package)\OMDb.WinUI3 (Package).wapproj", "{F6D42782-A8F4-4C38-8AB8-C44B54418BB1}"
EndProject
Project("{FAE04EC0-301F-11D3-BF4B-00C04F79EFBC}") = "OMDb.WinUI3", "OMDb.WinUI3\OMDb.WinUI3\OMDb.WinUI3.csproj", "{FC3D8BCF-3896-4CEE-9A85-AD6C14E1E129}"
EndProject
Global
	GlobalSection(SolutionConfigurationPlatforms) = preSolution
		Debug|Any CPU = Debug|Any CPU
		Debug|arm64 = Debug|arm64
		Debug|x64 = Debug|x64
		Debug|x86 = Debug|x86
		Release|Any CPU = Release|Any CPU
		Release|arm64 = Release|arm64
		Release|x64 = Release|x64
		Release|x86 = Release|x86
	EndGlobalSection
	GlobalSection(ProjectConfigurationPlatforms) = postSolution
		{B5CB7DBE-B7DA-43F5-BD70-DFE6028DDEBE}.Debug|Any CPU.ActiveCfg = Debug|Any CPU
		{B5CB7DBE-B7DA-43F5-BD70-DFE6028DDEBE}.Debug|Any CPU.Build.0 = Debug|Any CPU
		{B5CB7DBE-B7DA-43F5-BD70-DFE6028DDEBE}.Debug|arm64.ActiveCfg = Debug|Any CPU
		{B5CB7DBE-B7DA-43F5-BD70-DFE6028DDEBE}.Debug|arm64.Build.0 = Debug|Any CPU
		{B5CB7DBE-B7DA-43F5-BD70-DFE6028DDEBE}.Debug|x64.ActiveCfg = Debug|x64
		{B5CB7DBE-B7DA-43F5-BD70-DFE6028DDEBE}.Debug|x64.Build.0 = Debug|x64
		{B5CB7DBE-B7DA-43F5-BD70-DFE6028DDEBE}.Debug|x86.ActiveCfg = Debug|Any CPU
		{B5CB7DBE-B7DA-43F5-BD70-DFE6028DDEBE}.Debug|x86.Build.0 = Debug|Any CPU
		{B5CB7DBE-B7DA-43F5-BD70-DFE6028DDEBE}.Release|Any CPU.ActiveCfg = Release|Any CPU
		{B5CB7DBE-B7DA-43F5-BD70-DFE6028DDEBE}.Release|Any CPU.Build.0 = Release|Any CPU
		{B5CB7DBE-B7DA-43F5-BD70-DFE6028DDEBE}.Release|arm64.ActiveCfg = Release|Any CPU
		{B5CB7DBE-B7DA-43F5-BD70-DFE6028DDEBE}.Release|arm64.Build.0 = Release|Any CPU
		{B5CB7DBE-B7DA-43F5-BD70-DFE6028DDEBE}.Release|x64.ActiveCfg = Release|Any CPU
		{B5CB7DBE-B7DA-43F5-BD70-DFE6028DDEBE}.Release|x64.Build.0 = Release|Any CPU
		{B5CB7DBE-B7DA-43F5-BD70-DFE6028DDEBE}.Release|x86.ActiveCfg = Release|Any CPU
		{B5CB7DBE-B7DA-43F5-BD70-DFE6028DDEBE}.Release|x86.Build.0 = Release|Any CPU
		{DB17F2E8-114A-49A4-996C-6803EC926EBB}.Debug|Any CPU.ActiveCfg = Debug|Any CPU
		{DB17F2E8-114A-49A4-996C-6803EC926EBB}.Debug|Any CPU.Build.0 = Debug|Any CPU
		{DB17F2E8-114A-49A4-996C-6803EC926EBB}.Debug|arm64.ActiveCfg = Debug|Any CPU
		{DB17F2E8-114A-49A4-996C-6803EC926EBB}.Debug|arm64.Build.0 = Debug|Any CPU
		{DB17F2E8-114A-49A4-996C-6803EC926EBB}.Debug|x64.ActiveCfg = Debug|x64
		{DB17F2E8-114A-49A4-996C-6803EC926EBB}.Debug|x64.Build.0 = Debug|x64
		{DB17F2E8-114A-49A4-996C-6803EC926EBB}.Debug|x86.ActiveCfg = Debug|Any CPU
		{DB17F2E8-114A-49A4-996C-6803EC926EBB}.Debug|x86.Build.0 = Debug|Any CPU
		{DB17F2E8-114A-49A4-996C-6803EC926EBB}.Release|Any CPU.ActiveCfg = Release|Any CPU
		{DB17F2E8-114A-49A4-996C-6803EC926EBB}.Release|Any CPU.Build.0 = Release|Any CPU
		{DB17F2E8-114A-49A4-996C-6803EC926EBB}.Release|arm64.ActiveCfg = Release|Any CPU
		{DB17F2E8-114A-49A4-996C-6803EC926EBB}.Release|arm64.Build.0 = Release|Any CPU
		{DB17F2E8-114A-49A4-996C-6803EC926EBB}.Release|x64.ActiveCfg = Release|Any CPU
		{DB17F2E8-114A-49A4-996C-6803EC926EBB}.Release|x64.Build.0 = Release|Any CPU
		{DB17F2E8-114A-49A4-996C-6803EC926EBB}.Release|x86.ActiveCfg = Release|Any CPU
		{DB17F2E8-114A-49A4-996C-6803EC926EBB}.Release|x86.Build.0 = Release|Any CPU
		{07EF176F-78FE-4428-B338-D961BD4E7FFB}.Debug|Any CPU.ActiveCfg = Debug|Any CPU
		{07EF176F-78FE-4428-B338-D961BD4E7FFB}.Debug|Any CPU.Build.0 = Debug|Any CPU
		{07EF176F-78FE-4428-B338-D961BD4E7FFB}.Debug|arm64.ActiveCfg = Debug|Any CPU
		{07EF176F-78FE-4428-B338-D961BD4E7FFB}.Debug|arm64.Build.0 = Debug|Any CPU
		{07EF176F-78FE-4428-B338-D961BD4E7FFB}.Debug|x64.ActiveCfg = Debug|x64
		{07EF176F-78FE-4428-B338-D961BD4E7FFB}.Debug|x64.Build.0 = Debug|x64
		{07EF176F-78FE-4428-B338-D961BD4E7FFB}.Debug|x86.ActiveCfg = Debug|Any CPU
		{07EF176F-78FE-4428-B338-D961BD4E7FFB}.Debug|x86.Build.0 = Debug|Any CPU
		{07EF176F-78FE-4428-B338-D961BD4E7FFB}.Release|Any CPU.ActiveCfg = Release|Any CPU
		{07EF176F-78FE-4428-B338-D961BD4E7FFB}.Release|Any CPU.Build.0 = Release|Any CPU
		{07EF176F-78FE-4428-B338-D961BD4E7FFB}.Release|arm64.ActiveCfg = Release|Any CPU
		{07EF176F-78FE-4428-B338-D961BD4E7FFB}.Release|arm64.Build.0 = Release|Any CPU
		{07EF176F-78FE-4428-B338-D961BD4E7FFB}.Release|x64.ActiveCfg = Release|Any CPU
		{07EF176F-78FE-4428-B338-D961BD4E7FFB}.Release|x64.Build.0 = Release|Any CPU
		{07EF176F-78FE-4428-B338-D961BD4E7FFB}.Release|x86.ActiveCfg = Release|Any CPU
		{07EF176F-78FE-4428-B338-D961BD4E7FFB}.Release|x86.Build.0 = Release|Any CPU
		{F6D42782-A8F4-4C38-8AB8-C44B54418BB1}.Debug|Any CPU.ActiveCfg = Debug|x64
		{F6D42782-A8F4-4C38-8AB8-C44B54418BB1}.Debug|Any CPU.Build.0 = Debug|x64
		{F6D42782-A8F4-4C38-8AB8-C44B54418BB1}.Debug|Any CPU.Deploy.0 = Debug|x64
		{F6D42782-A8F4-4C38-8AB8-C44B54418BB1}.Debug|arm64.ActiveCfg = Debug|arm64
		{F6D42782-A8F4-4C38-8AB8-C44B54418BB1}.Debug|arm64.Build.0 = Debug|arm64
		{F6D42782-A8F4-4C38-8AB8-C44B54418BB1}.Debug|arm64.Deploy.0 = Debug|arm64
		{F6D42782-A8F4-4C38-8AB8-C44B54418BB1}.Debug|x64.ActiveCfg = Debug|x64
		{F6D42782-A8F4-4C38-8AB8-C44B54418BB1}.Debug|x64.Build.0 = Debug|x64
		{F6D42782-A8F4-4C38-8AB8-C44B54418BB1}.Debug|x64.Deploy.0 = Debug|x64
		{F6D42782-A8F4-4C38-8AB8-C44B54418BB1}.Debug|x86.ActiveCfg = Debug|x86
		{F6D42782-A8F4-4C38-8AB8-C44B54418BB1}.Debug|x86.Build.0 = Debug|x86
		{F6D42782-A8F4-4C38-8AB8-C44B54418BB1}.Debug|x86.Deploy.0 = Debug|x86
		{F6D42782-A8F4-4C38-8AB8-C44B54418BB1}.Release|Any CPU.ActiveCfg = Release|x64
		{F6D42782-A8F4-4C38-8AB8-C44B54418BB1}.Release|Any CPU.Build.0 = Release|x64
		{F6D42782-A8F4-4C38-8AB8-C44B54418BB1}.Release|Any CPU.Deploy.0 = Release|x64
		{F6D42782-A8F4-4C38-8AB8-C44B54418BB1}.Release|arm64.ActiveCfg = Release|arm64
		{F6D42782-A8F4-4C38-8AB8-C44B54418BB1}.Release|arm64.Build.0 = Release|arm64
		{F6D42782-A8F4-4C38-8AB8-C44B54418BB1}.Release|arm64.Deploy.0 = Release|arm64
		{F6D42782-A8F4-4C38-8AB8-C44B54418BB1}.Release|x64.ActiveCfg = Release|x64
		{F6D42782-A8F4-4C38-8AB8-C44B54418BB1}.Release|x64.Build.0 = Release|x64
		{F6D42782-A8F4-4C38-8AB8-C44B54418BB1}.Release|x64.Deploy.0 = Release|x64
		{F6D42782-A8F4-4C38-8AB8-C44B54418BB1}.Release|x86.ActiveCfg = Release|x86
		{F6D42782-A8F4-4C38-8AB8-C44B54418BB1}.Release|x86.Build.0 = Release|x86
		{F6D42782-A8F4-4C38-8AB8-C44B54418BB1}.Release|x86.Deploy.0 = Release|x86
		{FC3D8BCF-3896-4CEE-9A85-AD6C14E1E129}.Debug|Any CPU.ActiveCfg = Debug|x64
		{FC3D8BCF-3896-4CEE-9A85-AD6C14E1E129}.Debug|Any CPU.Build.0 = Debug|x64
		{FC3D8BCF-3896-4CEE-9A85-AD6C14E1E129}.Debug|arm64.ActiveCfg = Debug|arm64
		{FC3D8BCF-3896-4CEE-9A85-AD6C14E1E129}.Debug|arm64.Build.0 = Debug|arm64
		{FC3D8BCF-3896-4CEE-9A85-AD6C14E1E129}.Debug|x64.ActiveCfg = Debug|x64
		{FC3D8BCF-3896-4CEE-9A85-AD6C14E1E129}.Debug|x64.Build.0 = Debug|x64
		{FC3D8BCF-3896-4CEE-9A85-AD6C14E1E129}.Debug|x86.ActiveCfg = Debug|x86
		{FC3D8BCF-3896-4CEE-9A85-AD6C14E1E129}.Debug|x86.Build.0 = Debug|x86
		{FC3D8BCF-3896-4CEE-9A85-AD6C14E1E129}.Release|Any CPU.ActiveCfg = Release|x64
		{FC3D8BCF-3896-4CEE-9A85-AD6C14E1E129}.Release|Any CPU.Build.0 = Release|x64
		{FC3D8BCF-3896-4CEE-9A85-AD6C14E1E129}.Release|arm64.ActiveCfg = Release|arm64
		{FC3D8BCF-3896-4CEE-9A85-AD6C14E1E129}.Release|arm64.Build.0 = Release|arm64
		{FC3D8BCF-3896-4CEE-9A85-AD6C14E1E129}.Release|x64.ActiveCfg = Release|x64
		{FC3D8BCF-3896-4CEE-9A85-AD6C14E1E129}.Release|x64.Build.0 = Release|x64
		{FC3D8BCF-3896-4CEE-9A85-AD6C14E1E129}.Release|x86.ActiveCfg = Release|x86
		{FC3D8BCF-3896-4CEE-9A85-AD6C14E1E129}.Release|x86.Build.0 = Release|x86
	EndGlobalSection
	GlobalSection(SolutionProperties) = preSolution
		HideSolutionNode = FALSE
	EndGlobalSection
	GlobalSection(ExtensibilityGlobals) = postSolution
		SolutionGuid = {9B6BA57E-B828-4DEF-AD2B-237982D9FD0D}
	EndGlobalSection
EndGlobal
